
Microsoft Visual Studio Solution File, Format Version 12.00
# Visual Studio 15
VisualStudioVersion = 15.0.27428.2015
MinimumVisualStudioVersion = 10.0.40219.1
Project("{8BC9CEB8-8B4A-11D0-8D11-00A0C91BC942}") = "RTSPMultiCam", "RTSPMultiCam\RTSPMultiCam.vcxproj", "{41B88AC3-7083-4D61-9255-8B9C86F6EFA3}"
EndProject
Project("{8BC9CEB8-8B4A-11D0-8D11-00A0C91BC942}") = "CamTest", "CamTest\CamTest.vcxproj", "{395D73C1-EC1C-4A32-B923-F21953A21256}"
EndProject
Global
	GlobalSection(SolutionConfigurationPlatforms) = preSolution
		Debug|x64 = Debug|x64
		Debug|x86 = Debug|x86
		Release|x64 = Release|x64
		Release|x86 = Release|x86
	EndGlobalSection
	GlobalSection(ProjectConfigurationPlatforms) = postSolution
		{41B88AC3-7083-4D61-9255-8B9C86F6EFA3}.Debug|x64.ActiveCfg = Debug|x64
		{41B88AC3-7083-4D61-9255-8B9C86F6EFA3}.Debug|x64.Build.0 = Debug|x64
		{41B88AC3-7083-4D61-9255-8B9C86F6EFA3}.Debug|x86.ActiveCfg = Debug|Win32
		{41B88AC3-7083-4D61-9255-8B9C86F6EFA3}.Debug|x86.Build.0 = Debug|Win32
		{41B88AC3-7083-4D61-9255-8B9C86F6EFA3}.Release|x64.ActiveCfg = Release|x64
		{41B88AC3-7083-4D61-9255-8B9C86F6EFA3}.Release|x64.Build.0 = Release|x64
		{41B88AC3-7083-4D61-9255-8B9C86F6EFA3}.Release|x86.ActiveCfg = Release|Win32
		{41B88AC3-7083-4D61-9255-8B9C86F6EFA3}.Release|x86.Build.0 = Release|Win32
		{395D73C1-EC1C-4A32-B923-F21953A21256}.Debug|x64.ActiveCfg = Debug|x64
		{395D73C1-EC1C-4A32-B923-F21953A21256}.Debug|x64.Build.0 = Debug|x64
		{395D73C1-EC1C-4A32-B923-F21953A21256}.Debug|x86.ActiveCfg = Debug|Win32
		{395D73C1-EC1C-4A32-B923-F21953A21256}.Debug|x86.Build.0 = Debug|Win32
		{395D73C1-EC1C-4A32-B923-F21953A21256}.Release|x64.ActiveCfg = Release|x64
		{395D73C1-EC1C-4A32-B923-F21953A21256}.Release|x64.Build.0 = Release|x64
		{395D73C1-EC1C-4A32-B923-F21953A21256}.Release|x86.ActiveCfg = Release|Win32
		{395D73C1-EC1C-4A32-B923-F21953A21256}.Release|x86.Build.0 = Release|Win32
	EndGlobalSection
	GlobalSection(SolutionProperties) = preSolution
		HideSolutionNode = FALSE
	EndGlobalSection
	GlobalSection(ExtensibilityGlobals) = postSolution
		SolutionGuid = {7C18467E-B905-4F66-94D8-617ACA1E320A}
	EndGlobalSection
EndGlobal
